{
  "name": "masohi-codec",
  "version": "1.1.0",
  "lockfileVersion": 3,
  "requires": true,
  "packages": {
    "": {
      "name": "masohi-codec",
      "version": "1.1.0",
      "license": "MIT",
      "dependencies": {
        "masohi-aisparser": "^0.0.1"
      }
    },
    "node_modules/masohi-aisparser": {
      "version": "0.0.1",
      "resolved": "https://registry.npmjs.org/masohi-aisparser/-/masohi-aisparser-0.0.1.tgz",
      "integrity": "sha512-U5EJW9hdKXoviAbNSXZZCIJ5id+zAuLRhtVTAqiigcF52ML4F8Y5/bD7Ser9qbnDsREMNZK0Lhq6Fc1aPGtluQ==",
      "license": "Apache-2.0",
      "engines": {
        "node": ">=6"
      }
    }
  }
}
